
Microsoft Visual Studio Solution File, Format Version 12.00
# Visual Studio Version 16
VisualStudioVersion = 16.0.31515.178
MinimumVisualStudioVersion = 10.0.40219.1
Project("{FAE04EC0-301F-11D3-BF4B-00C04F79EFBC}") = "NatureFresh", "NatureFresh\NatureFresh.csproj", "{54653735-AF13-460B-B664-D7D07554B18A}"
EndProject
Global
	GlobalSection(SolutionConfigurationPlatforms) = preSolution
		Debug|Any CPU = Debug|Any CPU
		Release|Any CPU = Release|Any CPU
	EndGlobalSection
	GlobalSection(ProjectConfigurationPlatforms) = postSolution
		{54653735-AF13-460B-B664-D7D07554B18A}.Debug|Any CPU.ActiveCfg = Debug|Any CPU
		{54653735-AF13-460B-B664-D7D07554B18A}.Debug|Any CPU.Build.0 = Debug|Any CPU
		{54653735-AF13-460B-B664-D7D07554B18A}.Release|Any CPU.ActiveCfg = Release|Any CPU
		{54653735-AF13-460B-B664-D7D07554B18A}.Release|Any CPU.Build.0 = Release|Any CPU
	EndGlobalSection
	GlobalSection(SolutionProperties) = preSolution
		HideSolutionNode = FALSE
	EndGlobalSection
	GlobalSection(ExtensibilityGlobals) = postSolution
		SolutionGuid = {1203B3D6-D58A-4613-B2D5-97DD4D62B95C}
	EndGlobalSection
EndGlobal
